
Microsoft Visual Studio Solution File, Format Version 12.00
# Visual Studio 2015
Project("{FAE04EC0-301F-11D3-BF4B-00C04F79EFBC}") = "Paradox.CSharp.Plugins", "Paradox.CSharp.Plugins.csproj", "{C6CBAE8F-A0F3-6B1C-C8B5-6B89FCAAF33A}"
EndProject
Project("{FAE04EC0-301F-11D3-BF4B-00C04F79EFBC}") = "Paradox.CSharp", "Paradox.CSharp.csproj", "{C70B1941-8302-50D6-4AAC-53CEBC4A32C9}"
EndProject
Project("{FAE04EC0-301F-11D3-BF4B-00C04F79EFBC}") = "Paradox.CSharp.Editor", "Paradox.CSharp.Editor.csproj", "{ADED3626-F937-0197-4064-D98D79BCA5B7}"
EndProject
Global
	GlobalSection(SolutionConfigurationPlatforms) = preSolution
		Debug|Any CPU = Debug|Any CPU
		Release|Any CPU = Release|Any CPU
	EndGlobalSection
	GlobalSection(ProjectConfigurationPlatforms) = postSolution
		{C6CBAE8F-A0F3-6B1C-C8B5-6B89FCAAF33A}.Debug|Any CPU.ActiveCfg = Debug|Any CPU
		{C6CBAE8F-A0F3-6B1C-C8B5-6B89FCAAF33A}.Debug|Any CPU.Build.0 = Debug|Any CPU
		{C6CBAE8F-A0F3-6B1C-C8B5-6B89FCAAF33A}.Release|Any CPU.ActiveCfg = Release|Any CPU
		{C6CBAE8F-A0F3-6B1C-C8B5-6B89FCAAF33A}.Release|Any CPU.Build.0 = Release|Any CPU
		{C70B1941-8302-50D6-4AAC-53CEBC4A32C9}.Debug|Any CPU.ActiveCfg = Debug|Any CPU
		{C70B1941-8302-50D6-4AAC-53CEBC4A32C9}.Debug|Any CPU.Build.0 = Debug|Any CPU
		{C70B1941-8302-50D6-4AAC-53CEBC4A32C9}.Release|Any CPU.ActiveCfg = Release|Any CPU
		{C70B1941-8302-50D6-4AAC-53CEBC4A32C9}.Release|Any CPU.Build.0 = Release|Any CPU
		{ADED3626-F937-0197-4064-D98D79BCA5B7}.Debug|Any CPU.ActiveCfg = Debug|Any CPU
		{ADED3626-F937-0197-4064-D98D79BCA5B7}.Debug|Any CPU.Build.0 = Debug|Any CPU
		{ADED3626-F937-0197-4064-D98D79BCA5B7}.Release|Any CPU.ActiveCfg = Release|Any CPU
		{ADED3626-F937-0197-4064-D98D79BCA5B7}.Release|Any CPU.Build.0 = Release|Any CPU
	EndGlobalSection
	GlobalSection(SolutionProperties) = preSolution
		HideSolutionNode = FALSE
	EndGlobalSection
EndGlobal
